
Microsoft Visual Studio Solution File, Format Version 12.00
# Visual Studio Version 17
VisualStudioVersion = 17.2.32630.192
MinimumVisualStudioVersion = 10.0.40219.1
Project("{FAE04EC0-301F-11D3-BF4B-00C04F79EFBC}") = "Цифры", "Цифры\Цифры.csproj", "{CF66657A-763A-40AA-A57E-3FBD336D9C5E}"
EndProject
Global
	GlobalSection(SolutionConfigurationPlatforms) = preSolution
		Debug|Any CPU = Debug|Any CPU
		Release|Any CPU = Release|Any CPU
	EndGlobalSection
	GlobalSection(ProjectConfigurationPlatforms) = postSolution
		{CF66657A-763A-40AA-A57E-3FBD336D9C5E}.Debug|Any CPU.ActiveCfg = Debug|Any CPU
		{CF66657A-763A-40AA-A57E-3FBD336D9C5E}.Debug|Any CPU.Build.0 = Debug|Any CPU
		{CF66657A-763A-40AA-A57E-3FBD336D9C5E}.Release|Any CPU.ActiveCfg = Release|Any CPU
		{CF66657A-763A-40AA-A57E-3FBD336D9C5E}.Release|Any CPU.Build.0 = Release|Any CPU
	EndGlobalSection
	GlobalSection(SolutionProperties) = preSolution
		HideSolutionNode = FALSE
	EndGlobalSection
	GlobalSection(ExtensibilityGlobals) = postSolution
		SolutionGuid = {17B86B0B-B33E-4212-82A3-B7A9C4C7567C}
	EndGlobalSection
EndGlobal
